{
  "name": "example",
  "version": "1.0.0",
  "lockfileVersion": 2,
  "requires": true,
  "packages": {
    "": {
      "name": "example",
      "version": "1.0.0",
      "license": "ISC",
      "dependencies": {
        "docdash": "^2.0.0"
      }
    },
    "node_modules/@jsdoc/salty": {
      "version": "0.2.1",
      "resolved": "https://registry.npmjs.org/@jsdoc/salty/-/salty-0.2.1.tgz",
      "integrity": "sha512-JXwylDNSHa549N9uceDYu8D4GMXwSo3H8CCPYEQqxhhHpxD28+lRl2b3bS/caaPj5w1YD3SWtrficJNTnUjGpg==",
      "dependencies": {
        "lodash": "^4.17.21"
      },
      "engines": {
        "node": ">=v12.0.0"
      }
    },
    "node_modules/docdash": {
      "version": "2.0.0",
      "resolved": "https://registry.npmjs.org/docdash/-/docdash-2.0.0.tgz",
      "integrity": "sha512-AxxZwrMLmiArEHJirdyZmW6YTBKxkd/Z5V9U2EU1crIMtpgoU/cH7Hnc9n1E0lzB1ZSam+VVMSnvlc+9+GUGVg==",
      "dependencies": {
        "@jsdoc/salty": "^0.2.1"
      }
    },
    "node_modules/lodash": {
      "version": "4.17.21",
      "resolved": "https://registry.npmjs.org/lodash/-/lodash-4.17.21.tgz",
      "integrity": "sha512-v2kDEe57lecTulaDIuNTPy3Ry4gLGJ6Z1O3vE1krgXZNrsQ+LFTGHVxVjcXPs17LhbZVGedAJv8XZ1tvj5FvSg=="
    }
  },
  "dependencies": {
    "@jsdoc/salty": {
      "version": "0.2.1",
      "resolved": "https://registry.npmjs.org/@jsdoc/salty/-/salty-0.2.1.tgz",
      "integrity": "sha512-JXwylDNSHa549N9uceDYu8D4GMXwSo3H8CCPYEQqxhhHpxD28+lRl2b3bS/caaPj5w1YD3SWtrficJNTnUjGpg==",
      "requires": {
        "lodash": "^4.17.21"
      }
    },
    "docdash": {
      "version": "2.0.0",
      "resolved": "https://registry.npmjs.org/docdash/-/docdash-2.0.0.tgz",
      "integrity": "sha512-AxxZwrMLmiArEHJirdyZmW6YTBKxkd/Z5V9U2EU1crIMtpgoU/cH7Hnc9n1E0lzB1ZSam+VVMSnvlc+9+GUGVg==",
      "requires": {
        "@jsdoc/salty": "^0.2.1"
      }
    },
    "lodash": {
      "version": "4.17.21",
      "resolved": "https://registry.npmjs.org/lodash/-/lodash-4.17.21.tgz",
      "integrity": "sha512-v2kDEe57lecTulaDIuNTPy3Ry4gLGJ6Z1O3vE1krgXZNrsQ+LFTGHVxVjcXPs17LhbZVGedAJv8XZ1tvj5FvSg=="
    }
  }
}
